<?xml version="1.0"?>
<CONFIG>
  <ProjectOptions>
    <Version Value="7"/>
    <General>
      <Flags>
        <AlwaysBuild Value="False"/>
        <LRSInOutputDirectory Value="False"/>
      </Flags>
      <MainUnit Value="0"/>
      <TargetFileExt Value=""/>
      <Icon Value="0"/>
      <UseXPManifest Value="True"/>
      <ActiveEditorIndexAtStart Value="0"/>
    </General>
    <VersionInfo>
      <ProjectVersion Value=""/>
    </VersionInfo>
    <PublishOptions>
      <Version Value="2"/>
      <IgnoreBinaries Value="False"/>
      <IncludeFileFilter Value="*.(pas|pp|inc|lfm|lpr|lrs|lpi|lpk|sh|xml)"/>
      <ExcludeFileFilter Value="*.(bak|ppu|ppw|o|so);*~;backup"/>
    </PublishOptions>
    <RunParams>
      <local>
        <FormatVersion Value="1"/>
        <LaunchingApplication PathPlusParams="/usr/X11R6/bin/xterm -T 'Lazarus Run Output' -e $(LazarusDir)/tools/runwait.sh $(TargetCmdLine)"/>
      </local>
    </RunParams>
    <RequiredPackages Count="1">
      <Item1>
        <PackageName Value="LCL"/>
      </Item1>
    </RequiredPackages>
    <Units Count="56">
      <Unit0>
        <Filename Value="TatraDAS.dpr"/>
        <IsPartOfProject Value="True"/>
        <CursorPos X="43" Y="17"/>
        <TopLine Value="1"/>
        <UsageCount Value="36"/>
        <SyntaxHighlighter Value="Delphi"/>
      </Unit0>
      <Unit1>
        <Filename Value="misc/LoggerUnit.pas"/>
        <IsPartOfProject Value="True"/>
        <UnitName Value="LoggerUnit"/>
        <CursorPos X="1" Y="1"/>
        <TopLine Value="1"/>
        <UsageCount Value="31"/>
        <SyntaxHighlighter Value="Delphi"/>
      </Unit1>
      <Unit2>
        <Filename Value="../../../../../usr/share/fpcsrc/2.2.4/rtl/objpas/sysutils/datih.inc"/>
        <CursorPos X="11" Y="131"/>
        <TopLine Value="112"/>
        <UsageCount Value="10"/>
      </Unit2>
      <Unit3>
        <Filename Value="disasm/x86Disassembler.pas"/>
        <IsPartOfProject Value="True"/>
        <UnitName Value="x86Disassembler"/>
        <CursorPos X="57" Y="1106"/>
        <TopLine Value="1091"/>
        <UsageCount Value="28"/>
        <SyntaxHighlighter Value="Delphi"/>
      </Unit3>
      <Unit4>
        <Filename Value="delver.inc"/>
        <IsPartOfProject Value="True"/>
        <CursorPos X="1" Y="1"/>
        <TopLine Value="1"/>
        <UsageCount Value="36"/>
        <SyntaxHighlighter Value="Delphi"/>
      </Unit4>
      <Unit5>
        <Filename Value="sections/CodeSectionUnit.pas"/>
        <IsPartOfProject Value="True"/>
        <UnitName Value="CodeSectionUnit"/>
        <CursorPos X="53" Y="11"/>
        <TopLine Value="16"/>
        <UsageCount Value="28"/>
        <SyntaxHighlighter Value="Delphi"/>
      </Unit5>
      <Unit6>
        <Filename Value="../third/synedit/SynEdit.pas"/>
        <UnitName Value="SynEdit"/>
        <CursorPos X="16" Y="11"/>
        <TopLine Value="1"/>
        <UsageCount Value="10"/>
      </Unit6>
      <Unit7>
        <Filename Value="../../../../../usr/local/share/lazarus/lcl/dialogs.pp"/>
        <UnitName Value="Dialogs"/>
        <CursorPos X="1" Y="1"/>
        <TopLine Value="1"/>
        <UsageCount Value="11"/>
      </Unit7>
      <Unit8>
        <Filename Value="misc/ButtonsX.pas"/>
        <UnitName Value="ButtonsX"/>
        <CursorPos X="14" Y="1"/>
        <TopLine Value="1"/>
        <UsageCount Value="11"/>
        <SyntaxHighlighter Value="Delphi"/>
      </Unit8>
      <Unit9>
        <Filename Value="base/procmat.pas"/>
        <IsPartOfProject Value="True"/>
        <UnitName Value="procmat"/>
        <CursorPos X="25" Y="14"/>
        <TopLine Value="1"/>
        <UsageCount Value="28"/>
        <SyntaxHighlighter Value="Delphi"/>
      </Unit9>
      <Unit10>
        <Filename Value="misc/myedits.pas"/>
        <IsPartOfProject Value="True"/>
        <UnitName Value="myedits"/>
        <CursorPos X="39" Y="10"/>
        <TopLine Value="1"/>
        <UsageCount Value="28"/>
        <SyntaxHighlighter Value="Delphi"/>
      </Unit10>
      <Unit11>
        <Filename Value="misc/TranslatorUnit.pas"/>
        <IsPartOfProject Value="True"/>
        <UnitName Value="TranslatorUnit"/>
        <CursorPos X="33" Y="252"/>
        <TopLine Value="238"/>
        <UsageCount Value="28"/>
        <SyntaxHighlighter Value="Delphi"/>
      </Unit11>
      <Unit12>
        <Filename Value="res/TatraDASHighlighter.pas"/>
        <IsPartOfProject Value="True"/>
        <UnitName Value="TatraDASHighlighter"/>
        <CursorPos X="1" Y="37"/>
        <TopLine Value="33"/>
        <UsageCount Value="28"/>
        <SyntaxHighlighter Value="Delphi"/>
      </Unit12>
      <Unit13>
        <Filename Value="base/Exporters.pas"/>
        <IsPartOfProject Value="True"/>
        <UnitName Value="Exporters"/>
        <CursorPos X="47" Y="66"/>
        <TopLine Value="48"/>
        <UsageCount Value="28"/>
        <SyntaxHighlighter Value="Delphi"/>
      </Unit13>
      <Unit14>
        <Filename Value="../../../../../usr/local/share/lazarus/components/synedit/synedit.inc"/>
        <CursorPos X="4" Y="51"/>
        <TopLine Value="39"/>
        <UsageCount Value="11"/>
      </Unit14>
      <Unit15>
        <Filename Value="forms/MainFormUnit.pas"/>
        <IsPartOfProject Value="True"/>
        <ComponentName Value="MainForm"/>
        <ResourceBaseClass Value="Form"/>
        <UnitName Value="MainFormUnit"/>
        <CursorPos X="1" Y="319"/>
        <TopLine Value="282"/>
        <UsageCount Value="28"/>
        <SyntaxHighlighter Value="Delphi"/>
      </Unit15>
      <Unit16>
        <Filename Value="forms/MessageFormUnit.pas"/>
        <IsPartOfProject Value="True"/>
        <ComponentName Value="MessageForm"/>
        <ResourceBaseClass Value="Form"/>
        <UnitName Value="MessageFormUnit"/>
        <CursorPos X="30" Y="35"/>
        <TopLine Value="1"/>
        <UsageCount Value="28"/>
        <SyntaxHighlighter Value="Delphi"/>
      </Unit16>
      <Unit17>
        <Filename Value="forms/GotoAddressFormUnit.pas"/>
        <IsPartOfProject Value="True"/>
        <ComponentName Value="GoToAddressForm"/>
        <ResourceBaseClass Value="Form"/>
        <UnitName Value="GotoAddressFormUnit"/>
        <CursorPos X="45" Y="44"/>
        <TopLine Value="34"/>
        <EditorIndex Value="0"/>
        <UsageCount Value="28"/>
        <Loaded Value="True"/>
        <SyntaxHighlighter Value="Delphi"/>
      </Unit17>
      <Unit18>
        <Filename Value="forms/AdvancedChangingToDataFormUnit.pas"/>
        <IsPartOfProject Value="True"/>
        <ComponentName Value="AdvancedChangingToDataForm"/>
        <ResourceBaseClass Value="Form"/>
        <UnitName Value="AdvancedChangingToDataFormUnit"/>
        <CursorPos X="1" Y="7"/>
        <TopLine Value="1"/>
        <UsageCount Value="28"/>
        <SyntaxHighlighter Value="Delphi"/>
      </Unit18>
      <Unit19>
        <Filename Value="forms/AdvancedDisassembleFormUnit.pas"/>
        <IsPartOfProject Value="True"/>
        <ComponentName Value="AdvancedDisassembleForm"/>
        <ResourceBaseClass Value="Form"/>
        <UnitName Value="AdvancedDisassembleFormUnit"/>
        <CursorPos X="47" Y="16"/>
        <TopLine Value="1"/>
        <UsageCount Value="28"/>
        <SyntaxHighlighter Value="Delphi"/>
      </Unit19>
      <Unit20>
        <Filename Value="forms/InsertCommentFormUnit.pas"/>
        <IsPartOfProject Value="True"/>
        <ComponentName Value="InsertCommentForm"/>
        <ResourceBaseClass Value="Form"/>
        <UnitName Value="InsertCommentFormUnit"/>
        <CursorPos X="14" Y="11"/>
        <TopLine Value="1"/>
        <UsageCount Value="28"/>
        <SyntaxHighlighter Value="Delphi"/>
      </Unit20>
      <Unit21>
        <Filename Value="forms/HexEditFormUnit.pas"/>
        <UnitName Value="HexEditFormUnit"/>
        <CursorPos X="31" Y="4"/>
        <TopLine Value="1"/>
        <UsageCount Value="11"/>
        <SyntaxHighlighter Value="Delphi"/>
      </Unit21>
      <Unit22>
        <Filename Value="base/ExecFileManagerUnit.pas"/>
        <IsPartOfProject Value="True"/>
        <UnitName Value="ExecFileManagerUnit"/>
        <CursorPos X="1" Y="61"/>
        <TopLine Value="42"/>
        <UsageCount Value="28"/>
        <SyntaxHighlighter Value="Delphi"/>
      </Unit22>
      <Unit23>
        <Filename Value="base/ProgressThreads.pas"/>
        <IsPartOfProject Value="True"/>
        <UnitName Value="ProgressThreads"/>
        <CursorPos X="3" Y="8"/>
        <TopLine Value="1"/>
        <UsageCount Value="28"/>
        <SyntaxHighlighter Value="Delphi"/>
      </Unit23>
      <Unit24>
        <Filename Value="base/ExecFileUnit.pas"/>
        <IsPartOfProject Value="True"/>
        <UnitName Value="ExecFileUnit"/>
        <CursorPos X="34" Y="98"/>
        <TopLine Value="85"/>
        <UsageCount Value="28"/>
        <SyntaxHighlighter Value="Delphi"/>
      </Unit24>
      <Unit25>
        <Filename Value="base/RegionsUnit.pas"/>
        <IsPartOfProject Value="True"/>
        <UnitName Value="RegionsUnit"/>
        <CursorPos X="47" Y="13"/>
        <TopLine Value="1"/>
        <UsageCount Value="28"/>
        <SyntaxHighlighter Value="Delphi"/>
      </Unit25>
      <Unit26>
        <Filename Value="../third/mphexeditor/MPHexEditor.pas"/>
        <UnitName Value="MPHexEditor"/>
        <CursorPos X="1" Y="1"/>
        <TopLine Value="1"/>
        <UsageCount Value="10"/>
      </Unit26>
      <Unit27>
        <Filename Value="base/SectionUnit.pas"/>
        <IsPartOfProject Value="True"/>
        <UnitName Value="SectionUnit"/>
        <CursorPos X="1" Y="10"/>
        <TopLine Value="1"/>
        <UsageCount Value="28"/>
        <SyntaxHighlighter Value="Delphi"/>
      </Unit27>
      <Unit28>
        <Filename Value="forms/AboutBoxUnit.pas"/>
        <IsPartOfProject Value="True"/>
        <ComponentName Value="AboutBox"/>
        <ResourceBaseClass Value="Form"/>
        <UnitName Value="AboutBoxUnit"/>
        <CursorPos X="1" Y="7"/>
        <TopLine Value="1"/>
        <UsageCount Value="28"/>
        <SyntaxHighlighter Value="Delphi"/>
      </Unit28>
      <Unit29>
        <Filename Value="forms/SaveOptionsFormUnit.pas"/>
        <IsPartOfProject Value="True"/>
        <ComponentName Value="SaveOptionsForm"/>
        <ResourceBaseClass Value="Form"/>
        <UnitName Value="SaveOptionsFormUnit"/>
        <CursorPos X="26" Y="8"/>
        <TopLine Value="1"/>
        <UsageCount Value="28"/>
        <SyntaxHighlighter Value="Delphi"/>
      </Unit29>
      <Unit30>
        <Filename Value="forms/CalculatorUnit.pas"/>
        <IsPartOfProject Value="True"/>
        <HasResources Value="True"/>
        <UnitName Value="CalculatorUnit"/>
        <CursorPos X="2" Y="122"/>
        <TopLine Value="86"/>
        <UsageCount Value="28"/>
        <SyntaxHighlighter Value="Delphi"/>
      </Unit30>
      <Unit31>
        <Filename Value="forms/OptionsFormUnit.pas"/>
        <IsPartOfProject Value="True"/>
        <ComponentName Value="OptionsForm"/>
        <ResourceBaseClass Value="Form"/>
        <UnitName Value="OptionsFormUnit"/>
        <CursorPos X="1" Y="7"/>
        <TopLine Value="1"/>
        <UsageCount Value="28"/>
        <SyntaxHighlighter Value="Delphi"/>
      </Unit31>
      <Unit32>
        <Filename Value="forms/UnknownFileFormUnit.pas"/>
        <IsPartOfProject Value="True"/>
        <ComponentName Value="UnknownFileForm"/>
        <ResourceBaseClass Value="Form"/>
        <UnitName Value="UnknownFileFormUnit"/>
        <CursorPos X="1" Y="12"/>
        <TopLine Value="1"/>
        <UsageCount Value="28"/>
        <SyntaxHighlighter Value="Delphi"/>
      </Unit32>
      <Unit33>
        <Filename Value="frames/CodeTabFrameUnit.pas"/>
        <IsPartOfProject Value="True"/>
        <UnitName Value="CodeTabFrameUnit"/>
        <CursorPos X="11" Y="15"/>
        <TopLine Value="1"/>
        <UsageCount Value="28"/>
        <SyntaxHighlighter Value="Delphi"/>
      </Unit33>
      <Unit34>
        <Filename Value="../../../../../usr/local/share/lazarus/components/synedit/synedithighlighter.pp"/>
        <UnitName Value="SynEditHighlighter"/>
        <CursorPos X="15" Y="265"/>
        <TopLine Value="247"/>
        <UsageCount Value="10"/>
      </Unit34>
      <Unit35>
        <Filename Value="../../../../../usr/local/share/fpc-src/fpc-2.4.0rc1/packages/libxml/src/xmlxsd.pas"/>
        <UnitName Value="xmlxsd"/>
        <CursorPos X="1" Y="1"/>
        <TopLine Value="1"/>
        <UsageCount Value="10"/>
      </Unit35>
      <Unit36>
        <Filename Value="../../../../../usr/local/share/fpc-src/fpc-2.4.0rc1/packages/fcl-xml/src/xmlutils.pp"/>
        <UnitName Value="xmlutils"/>
        <CursorPos X="18" Y="305"/>
        <TopLine Value="1"/>
        <UsageCount Value="10"/>
      </Unit36>
      <Unit37>
        <Filename Value="misc/IvanSynEdit.pas"/>
        <IsPartOfProject Value="True"/>
        <UnitName Value="IvanSynEdit"/>
        <CursorPos X="1" Y="30"/>
        <TopLine Value="1"/>
        <UsageCount Value="32"/>
        <SyntaxHighlighter Value="Delphi"/>
      </Unit37>
      <Unit38>
        <Filename Value="../../../../../usr/local/share/lazarus/components/synedit/synedittextbuffer.pp"/>
        <UnitName Value="SynEditTextBuffer"/>
        <CursorPos X="10" Y="47"/>
        <TopLine Value="23"/>
        <UsageCount Value="11"/>
      </Unit38>
      <Unit39>
        <Filename Value="../../../../../usr/local/share/lazarus/components/synedit/synedittextbase.pas"/>
        <UnitName Value="SynEditTextBase"/>
        <CursorPos X="1" Y="1"/>
        <TopLine Value="1"/>
        <UsageCount Value="11"/>
      </Unit39>
      <Unit40>
        <Filename Value="../../../../../usr/local/share/lazarus/components/synedit/synedit.pp"/>
        <UnitName Value="SynEdit"/>
        <CursorPos X="25" Y="233"/>
        <TopLine Value="216"/>
        <UsageCount Value="14"/>
      </Unit40>
      <Unit41>
        <Filename Value="../../../../../usr/local/share/lazarus/components/synedit/synedittypes.pp"/>
        <UnitName Value="SynEditTypes"/>
        <CursorPos X="11" Y="72"/>
        <TopLine Value="33"/>
        <UsageCount Value="11"/>
      </Unit41>
      <Unit42>
        <Filename Value="../../../../../usr/local/share/lazarus/lcl/graphics.pp"/>
        <UnitName Value="Graphics"/>
        <CursorPos X="42" Y="1002"/>
        <TopLine Value="963"/>
        <UsageCount Value="10"/>
      </Unit42>
      <Unit43>
        <Filename Value="../../../../../usr/local/share/fpc-src/fpc-2.4.0rc1/rtl/objpas/classes/classesh.inc"/>
        <CursorPos X="36" Y="33"/>
        <TopLine Value="14"/>
        <UsageCount Value="10"/>
      </Unit43>
      <Unit44>
        <Filename Value="../../../../../usr/local/share/fpc-src/fpc-2.4.0rc1/rtl/unix/classes.pp"/>
        <UnitName Value="Classes"/>
        <CursorPos X="5" Y="29"/>
        <TopLine Value="11"/>
        <UsageCount Value="10"/>
      </Unit44>
      <Unit45>
        <Filename Value="../../../../../usr/local/share/fpc-src/fpc-2.4.0rc1/rtl/objpas/types.pp"/>
        <UnitName Value="types"/>
        <CursorPos X="15" Y="79"/>
        <TopLine Value="58"/>
        <UsageCount Value="10"/>
      </Unit45>
      <Unit46>
        <Filename Value="frames/ImportTabFrameUnit.pas"/>
        <IsPartOfProject Value="True"/>
        <UnitName Value="ImportTabFrameUnit"/>
        <CursorPos X="11" Y="259"/>
        <TopLine Value="225"/>
        <UsageCount Value="28"/>
        <SyntaxHighlighter Value="Delphi"/>
      </Unit46>
      <Unit47>
        <Filename Value="../../../../../usr/local/share/fpc-src/fpc-2.4.0rc1/packages/univint/src/Dialogs.pas"/>
        <UnitName Value="Dialogs"/>
        <CursorPos X="32" Y="5"/>
        <TopLine Value="1"/>
        <UsageCount Value="10"/>
      </Unit47>
      <Unit48>
        <Filename Value="exefiles/NEFileUnit.pas"/>
        <IsPartOfProject Value="True"/>
        <UnitName Value="NEFileUnit"/>
        <CursorPos X="28" Y="23"/>
        <TopLine Value="1"/>
        <UsageCount Value="28"/>
        <SyntaxHighlighter Value="Delphi"/>
      </Unit48>
      <Unit49>
        <Filename Value="frames/TabFrameTemplateUnit.pas"/>
        <UnitName Value="TabFrameTemplateUnit"/>
        <CursorPos X="62" Y="99"/>
        <TopLine Value="82"/>
        <UsageCount Value="11"/>
        <SyntaxHighlighter Value="Delphi"/>
      </Unit49>
      <Unit50>
        <Filename Value="C:/programs/lazarus/lcl/include/pagecontrol.inc"/>
        <CursorPos X="1" Y="125"/>
        <TopLine Value="106"/>
        <UsageCount Value="11"/>
      </Unit50>
      <Unit51>
        <Filename Value="C:/programs/lazarus/lcl/include/customnotebook.inc"/>
        <CursorPos X="1" Y="523"/>
        <TopLine Value="504"/>
        <UsageCount Value="11"/>
      </Unit51>
      <Unit52>
        <Filename Value="C:/programs/lazarus/lcl/include/custompage.inc"/>
        <CursorPos X="1" Y="177"/>
        <TopLine Value="158"/>
        <UsageCount Value="11"/>
      </Unit52>
      <Unit53>
        <Filename Value="C:/programs/lazarus/lcl/include/control.inc"/>
        <CursorPos X="1" Y="3140"/>
        <TopLine Value="3121"/>
        <UsageCount Value="10"/>
      </Unit53>
      <Unit54>
        <Filename Value="frames/FileTabFrameUnit.pas"/>
        <UnitName Value="FileTabFrameUnit"/>
        <CursorPos X="31" Y="105"/>
        <TopLine Value="87"/>
        <UsageCount Value="10"/>
        <SyntaxHighlighter Value="Delphi"/>
      </Unit54>
      <Unit55>
        <Filename Value="C:/programs/lazarus/lcl/include/customframe.inc"/>
        <CursorPos X="1" Y="162"/>
        <TopLine Value="143"/>
        <UsageCount Value="10"/>
      </Unit55>
    </Units>
    <JumpHistory Count="0" HistoryIndex="-1"/>
  </ProjectOptions>
  <CompilerOptions>
    <Version Value="8"/>
    <SearchPaths>
      <IncludeFiles Value="$(ProjOutDir)/;$(LazarusDir)/components/synedit/"/>
      <OtherUnitFiles Value="$(LazarusDir)/components/synedit/;misc/"/>
      <UnitOutputDirectory Value="build"/>
      <ObjectPath Value="../third/synedit/"/>
    </SearchPaths>
    <Parsing>
      <SyntaxOptions>
        <SyntaxMode Value="Delphi"/>
      </SyntaxOptions>
    </Parsing>
    <Other>
      <Verbosity>
        <ShowWarn Value="False"/>
        <ShowNotes Value="False"/>
        <ShowHints Value="False"/>
      </Verbosity>
      <CompilerPath Value="$(CompPath)"/>
    </Other>
  </CompilerOptions>
  <Debugging>
    <Exceptions Count="3">
      <Item1>
        <Name Value="EAbort"/>
      </Item1>
      <Item2>
        <Name Value="ECodetoolError"/>
      </Item2>
      <Item3>
        <Name Value="EFOpenError"/>
      </Item3>
    </Exceptions>
  </Debugging>
</CONFIG>
